PODS:
  - AFNetworking (4.0.1):
    - AFNetworking/NSURLSession (= 4.0.1)
    - AFNetworking/Reachability (= 4.0.1)
    - AFNetworking/Security (= 4.0.1)
    - AFNetworking/Serialization (= 4.0.1)
    - AFNetworking/UIKit (= 4.0.1)
  - AFNetworking/NSURLSession (4.0.1):
    - AFNetworking/Reachability
    - AFNetworking/Security
    - AFNetworking/Serialization
  - AFNetworking/Reachability (4.0.1)
  - AFNetworking/Security (4.0.1)
  - AFNetworking/Serialization (4.0.1)
  - AFNetworking/UIKit (4.0.1):
    - AFNetworking/NSURLSession
  - SDAutoLayout (2.2.1)

DEPENDENCIES:
  - AFNetworking
  - SDAutoLayout

SPEC REPOS:
  trunk:
    - AFNetworking
    - SDAutoLayout

SPEC CHECKSUMS:
  AFNetworking: 7864c38297c79aaca1500c33288e429c3451fdce
  SDAutoLayout: 8bf6b3bbc8b01f775d4defbb4fda2ace805461be

PODFILE CHECKSUM: 554408b870bba8be205a69151ade68cec817cd4a

COCOAPODS: 1.10.0
